
Microsoft Visual Studio Solution File, Format Version 12.00
# Visual Studio Version 17
VisualStudioVersion = 17.6.33801.468
MinimumVisualStudioVersion = 10.0.40219.1
Project("{9A19103F-16F7-4668-BE54-9A1E7A4F7556}") = "TicketTracker.Server", "TicketTracker\Server\TicketTracker.Server.csproj", "{1A722D05-6907-4E88-86EA-FFBB2A73BC63}"
EndProject
Project("{9A19103F-16F7-4668-BE54-9A1E7A4F7556}") = "TicketTracker.Client", "TicketTracker\Client\TicketTracker.Client.csproj", "{4D1875A8-39FD-47DD-9924-5736208B9D0E}"
EndProject
Project("{9A19103F-16F7-4668-BE54-9A1E7A4F7556}") = "TicketTracker.Shared", "TicketTracker\Shared\TicketTracker.Shared.csproj", "{89BE2FD3-7D99-4669-BCA3-592377C678E9}"
EndProject
Project("{2150E333-8FDC-42A3-9474-1A3956D46DE8}") = "Base Layers", "Base Layers", "{5E8FEF60-C7CC-495D-82D7-E78A38E77384}"
EndProject
Project("{2150E333-8FDC-42A3-9474-1A3956D46DE8}") = "Upper Layer", "Upper Layer", "{11B56F35-0F3A-4FF5-B9C2-4BCC6F297263}"
EndProject
Project("{2150E333-8FDC-42A3-9474-1A3956D46DE8}") = "Tests", "Tests", "{D3ECBA73-EC66-4850-B0EF-793F79486339}"
EndProject
Project("{9A19103F-16F7-4668-BE54-9A1E7A4F7556}") = "TicketTracker.Repository", "TicketTracker.Repository\TicketTracker.Repository.csproj", "{29274579-C4AD-4BE2-B422-D3363F408C1C}"
EndProject
Project("{9A19103F-16F7-4668-BE54-9A1E7A4F7556}") = "TicketTracker.Service", "TicketTracker.Service\TicketTracker.Service.csproj", "{D68A04C3-0103-4169-BF70-D4C2DA341C67}"
EndProject
Project("{9A19103F-16F7-4668-BE54-9A1E7A4F7556}") = "TicketTracker.Repository.Tests", "TicketTracker.Repository.Tests\TicketTracker.Repository.Tests.csproj", "{C21D5103-22E4-4057-936E-663B67E21953}"
EndProject
Project("{9A19103F-16F7-4668-BE54-9A1E7A4F7556}") = "TicketTracker.Service.Tests", "TicketTracker.Services.Tests\TicketTracker.Service.Tests.csproj", "{333F4FA0-ED7F-4C06-AC9B-E248F497B365}"
EndProject
Project("{FAE04EC0-301F-11D3-BF4B-00C04F79EFBC}") = "TicketTracker.Client.Tests", "BlazorTestProject1\TicketTracker.Client.Tests.csproj", "{15EA05A8-B210-4260-B773-FB719AD90BAD}"
EndProject
Global
	GlobalSection(SolutionConfigurationPlatforms) = preSolution
		Debug|Any CPU = Debug|Any CPU
		Release|Any CPU = Release|Any CPU
	EndGlobalSection
	GlobalSection(ProjectConfigurationPlatforms) = postSolution
		{1A722D05-6907-4E88-86EA-FFBB2A73BC63}.Debug|Any CPU.ActiveCfg = Debug|Any CPU
		{1A722D05-6907-4E88-86EA-FFBB2A73BC63}.Debug|Any CPU.Build.0 = Debug|Any CPU
		{1A722D05-6907-4E88-86EA-FFBB2A73BC63}.Release|Any CPU.ActiveCfg = Release|Any CPU
		{1A722D05-6907-4E88-86EA-FFBB2A73BC63}.Release|Any CPU.Build.0 = Release|Any CPU
		{4D1875A8-39FD-47DD-9924-5736208B9D0E}.Debug|Any CPU.ActiveCfg = Debug|Any CPU
		{4D1875A8-39FD-47DD-9924-5736208B9D0E}.Debug|Any CPU.Build.0 = Debug|Any CPU
		{4D1875A8-39FD-47DD-9924-5736208B9D0E}.Release|Any CPU.ActiveCfg = Release|Any CPU
		{4D1875A8-39FD-47DD-9924-5736208B9D0E}.Release|Any CPU.Build.0 = Release|Any CPU
		{89BE2FD3-7D99-4669-BCA3-592377C678E9}.Debug|Any CPU.ActiveCfg = Debug|Any CPU
		{89BE2FD3-7D99-4669-BCA3-592377C678E9}.Debug|Any CPU.Build.0 = Debug|Any CPU
		{89BE2FD3-7D99-4669-BCA3-592377C678E9}.Release|Any CPU.ActiveCfg = Release|Any CPU
		{89BE2FD3-7D99-4669-BCA3-592377C678E9}.Release|Any CPU.Build.0 = Release|Any CPU
		{29274579-C4AD-4BE2-B422-D3363F408C1C}.Debug|Any CPU.ActiveCfg = Debug|Any CPU
		{29274579-C4AD-4BE2-B422-D3363F408C1C}.Debug|Any CPU.Build.0 = Debug|Any CPU
		{29274579-C4AD-4BE2-B422-D3363F408C1C}.Release|Any CPU.ActiveCfg = Release|Any CPU
		{29274579-C4AD-4BE2-B422-D3363F408C1C}.Release|Any CPU.Build.0 = Release|Any CPU
		{D68A04C3-0103-4169-BF70-D4C2DA341C67}.Debug|Any CPU.ActiveCfg = Debug|Any CPU
		{D68A04C3-0103-4169-BF70-D4C2DA341C67}.Debug|Any CPU.Build.0 = Debug|Any CPU
		{D68A04C3-0103-4169-BF70-D4C2DA341C67}.Release|Any CPU.ActiveCfg = Release|Any CPU
		{D68A04C3-0103-4169-BF70-D4C2DA341C67}.Release|Any CPU.Build.0 = Release|Any CPU
		{C21D5103-22E4-4057-936E-663B67E21953}.Debug|Any CPU.ActiveCfg = Debug|Any CPU
		{C21D5103-22E4-4057-936E-663B67E21953}.Debug|Any CPU.Build.0 = Debug|Any CPU
		{C21D5103-22E4-4057-936E-663B67E21953}.Release|Any CPU.ActiveCfg = Release|Any CPU
		{C21D5103-22E4-4057-936E-663B67E21953}.Release|Any CPU.Build.0 = Release|Any CPU
		{333F4FA0-ED7F-4C06-AC9B-E248F497B365}.Debug|Any CPU.ActiveCfg = Debug|Any CPU
		{333F4FA0-ED7F-4C06-AC9B-E248F497B365}.Debug|Any CPU.Build.0 = Debug|Any CPU
		{333F4FA0-ED7F-4C06-AC9B-E248F497B365}.Release|Any CPU.ActiveCfg = Release|Any CPU
		{333F4FA0-ED7F-4C06-AC9B-E248F497B365}.Release|Any CPU.Build.0 = Release|Any CPU
		{15EA05A8-B210-4260-B773-FB719AD90BAD}.Debug|Any CPU.ActiveCfg = Debug|Any CPU
		{15EA05A8-B210-4260-B773-FB719AD90BAD}.Debug|Any CPU.Build.0 = Debug|Any CPU
		{15EA05A8-B210-4260-B773-FB719AD90BAD}.Release|Any CPU.ActiveCfg = Release|Any CPU
		{15EA05A8-B210-4260-B773-FB719AD90BAD}.Release|Any CPU.Build.0 = Release|Any CPU
	EndGlobalSection
	GlobalSection(SolutionProperties) = preSolution
		HideSolutionNode = FALSE
	EndGlobalSection
	GlobalSection(NestedProjects) = preSolution
		{1A722D05-6907-4E88-86EA-FFBB2A73BC63} = {5E8FEF60-C7CC-495D-82D7-E78A38E77384}
		{4D1875A8-39FD-47DD-9924-5736208B9D0E} = {11B56F35-0F3A-4FF5-B9C2-4BCC6F297263}
		{89BE2FD3-7D99-4669-BCA3-592377C678E9} = {5E8FEF60-C7CC-495D-82D7-E78A38E77384}
		{29274579-C4AD-4BE2-B422-D3363F408C1C} = {5E8FEF60-C7CC-495D-82D7-E78A38E77384}
		{D68A04C3-0103-4169-BF70-D4C2DA341C67} = {5E8FEF60-C7CC-495D-82D7-E78A38E77384}
		{C21D5103-22E4-4057-936E-663B67E21953} = {D3ECBA73-EC66-4850-B0EF-793F79486339}
		{333F4FA0-ED7F-4C06-AC9B-E248F497B365} = {D3ECBA73-EC66-4850-B0EF-793F79486339}
		{15EA05A8-B210-4260-B773-FB719AD90BAD} = {D3ECBA73-EC66-4850-B0EF-793F79486339}
	EndGlobalSection
	GlobalSection(ExtensibilityGlobals) = postSolution
		SolutionGuid = {851CF387-1E3B-4D20-A9CE-B1AE3483D620}
	EndGlobalSection
EndGlobal
